// !$*UTF8*$!
{
	archiveVersion = 1;
	classes = {
	};
	objectVersion = 50;
	objects = {

/* Begin PBXBuildFile section */
		45DFDAB2249AF22F0062FDDC /* AppDelegate.swift in Sources */ = {isa = PBXBuildFile; fileRef = 45DFDAB1249AF22F0062FDDC /* AppDelegate.swift */; };
		45DFDAB4249AF22F0062FDDC /* SceneDelegate.swift in Sources */ = {isa = PBXBuildFile; fileRef = 45DFDAB3249AF22F0062FDDC /* SceneDelegate.swift */; };
		45DFDAB6249AF22F0062FDDC /* ViewController.swift in Sources */ = {isa = PBXBuildFile; fileRef = 45DFDAB5249AF22F0062FDDC /* ViewController.swift */; };
		45DFDAB9249AF22F0062FDDC /* Main.storyboard in Resources */ = {isa = PBXBuildFile; fileRef = 45DFDAB7249AF22F0062FDDC /* Main.storyboard */; };
		45DFDABB249AF22F0062FDDC /* Assets.xcassets in Resources */ = {isa = PBXBuildFile; fileRef = 45DFDABA249AF22F0062FDDC /* Assets.xcassets */; };
		45DFDABE249AF22F0062FDDC /* LaunchScreen.storyboard in Resources */ = {isa = PBXBuildFile; fileRef = 45DFDABC249AF22F0062FDDC /* LaunchScreen.storyboard */; };
/* End PBXBuildFile section */

/* Begin PBXFileReference section */
		45DFDAAE249AF22F0062FDDC /* newproject.app */ = {isa = PBXFileReference; explicitFileType = wrapper.application; includeInIndex = 0; path = newproject.app; sourceTree = BUILT_PRODUCTS_DIR; };
		45DFDAB1249AF22F0062FDDC /* AppDelegate.swift */ = {isa = PBXFileReference; lastKnownFileType = sourcecode.swift; path = AppDelegate.swift; sourceTree = "<group>"; };
		45DFDAB3249AF22F0062FDDC /* SceneDelegate.swift */ = {isa = PBXFileReference; lastKnownFileType = sourcecode.swift; path = SceneDelegate.swift; sourceTree = "<group>"; };
		45DFDAB5249AF22F0062FDDC /* ViewController.swift */ = {isa = PBXFileReference; lastKnownFileType = sourcecode.swift; path = ViewController.swift; sourceTree = "<group>"; };
		45DFDAB8249AF22F0062FDDC /* Base */ = {isa = PBXFileReference; lastKnownFileType = file.storyboard; name = Base; path = Base.lproj/Main.storyboard; sourceTree = "<group>"; };
		45DFDABA249AF22F0062FDDC /* Assets.xcassets */ = {isa = PBXFileReference; lastKnownFileType = folder.assetcatalog; path = Assets.xcassets; sourceTree = "<group>"; };
		45DFDABD249AF22F0062FDDC /* Base */ = {isa = PBXFileReference; lastKnownFileType = file.storyboard; name = Base; path = Base.lproj/LaunchScreen.storyboard; sourceTree = "<group>"; };
		45DFDABF249AF22F0062FDDC /* Info.plist */ = {isa = PBXFileReference; lastKnownFileType = text.plist.xml; path = Info.plist; sourceTree = "<group>"; };
/* End PBXFileReference section */

/* Begin PBXFrameworksBuildPhase section */
		45DFDAAB249AF22F0062FDDC /* Frameworks */ = {
			isa = PBXFrameworksBuildPhase;
			buildActionMask = 2147483647;
			files = (
			);
			runOnlyForDeploymentPostprocessing = 0;
		};
/* End PBXFrameworksBuildPhase section */

/* Begin PBXGroup section */
		45DFDAA5249AF22E0062FDDC = {
			isa = PBXGroup;
			children = (
				45DFDAB0249AF22F0062FDDC /* newproject */,
				45DFDAAF249AF22F0062FDDC /* Products */,
			);
			sourceTree = "<group>";
		};
		45DFDAAF249AF22F0062FDDC /* Products */ = {
			isa = PBXGroup;
			children = (
				45DFDAAE249AF22F0062FDDC /* newproject.app */,
			);
			name = Products;
			sourceTree = "<group>";
		};
		45DFDAB0249AF22F0062FDDC /* newproject */ = {
			isa = PBXGroup;
			children = (
				45DFDAB1249AF22F0062FDDC /* AppDelegate.swift */,
				45DFDAB3249AF22F0062FDDC /* SceneDelegate.swift */,
				45DFDAB5249AF22F0062FDDC /* ViewController.swift */,
				45DFDAB7249AF22F0062FDDC /* Main.storyboard */,
				45DFDABA249AF22F0062FDDC /* Assets.xcassets */,
				45DFDABC249AF22F0062FDDC /* LaunchScreen.storyboard */,
				45DFDABF249AF22F0062FDDC /* Info.plist */,
			);
			path = newproject;
			sourceTree = "<group>";
		};
/* End PBXGroup section */

/* Begin PBXNativeTarget section */
		45DFDAAD249AF22F0062FDDC /* newproject */ = {
			isa = PBXNativeTarget;
			buildConfigurationList = 45DFDAC2249AF22F0062FDDC /* Build configuration list for PBXNativeTarget "newproject" */;
			buildPhases = (
				45DFDAAA249AF22F0062FDDC /* Sources */,
				45DFDAAB249AF22F0062FDDC /* Frameworks */,
				45DFDAAC249AF22F0062FDDC /* Resources */,
			);
			buildRules = (
			);
			dependencies = (
			);
			name = newproject;
			productName = newproject;
			productReference = 45DFDAAE249AF22F0062FDDC /* newproject.app */;
			productType = "com.apple.product-type.application";
		};
/* End PBXNativeTarget section */

/* Begin PBXProject section */
		45DFDAA6249AF22E0062FDDC /* Project object */ = {
			isa = PBXProject;
			attributes = {
				LastSwiftUpdateCheck = 1150;
				LastUpgradeCheck = 1150;
				ORGANIZATIONNAME = Eldorado;
				TargetAttributes = {
					45DFDAAD249AF22F0062FDDC = {
						CreatedOnToolsVersion = 11.5;
					};
				};
			};
			buildConfigurationList = 45DFDAA9249AF22E0062FDDC /* Build configuration list for PBXProject "newproject" */;
			compatibilityVersion = "Xcode 9.3";
			developmentRegion = en;
			hasScannedForEncodings = 0;
			knownRegions = (
				en,
				Base,
			);
			mainGroup = 45DFDAA5249AF22E0062FDDC;
			productRefGroup = 45DFDAAF249AF22F0062FDDC /* Products */;
			projectDirPath = "";
			projectRoot = "";
			targets = (
				45DFDAAD249AF22F0062FDDC /* newproject */,
			);
		};
/* End PBXProject section */

/* Begin PBXResourcesBuildPhase section */
		45DFDAAC249AF22F0062FDDC /* Resources */ = {
			isa = PBXResourcesBuildPhase;
			buildActionMask = 2147483647;
			files = (
				45DFDABE249AF22F0062FDDC /* LaunchScreen.storyboard in Resources */,
				45DFDABB249AF22F0062FDDC /* Assets.xcassets in Resources */,
				45DFDAB9249AF22F0062FDDC /* Main.storyboard in Resources */,
			);
			runOnlyForDeploymentPostprocessing = 0;
		};
/* End PBXResourcesBuildPhase section */

/* Begin PBXSourcesBuildPhase section */
		45DFDAAA249AF22F0062FDDC /* Sources */ = {
			isa = PBXSourcesBuildPhase;
			buildActionMask = 2147483647;
			files = (
				45DFDAB6249AF22F0062FDDC /* ViewController.swift in Sources */,
				45DFDAB2249AF22F0062FDDC /* AppDelegate.swift in Sources */,
				45DFDAB4249AF22F0062FDDC /* SceneDelegate.swift in Sources */,
			);
			runOnlyForDeploymentPostprocessing = 0;
		};
/* End PBXSourcesBuildPhase section */

/* Begin PBXVariantGroup section */
		45DFDAB7249AF22F0062FDDC /* Main.storyboard */ = {
			isa = PBXVariantGroup;
			children = (
				45DFDAB8249AF22F0062FDDC /* Base */,
			);
			name = Main.storyboard;
			sourceTree = "<group>";
		};
		45DFDABC249AF22F0062FDDC /* LaunchScreen.storyboard */ = {
			isa = PBXVariantGroup;
			children = (
				45DFDABD249AF22F0062FDDC /* Base */,
			);
			name = LaunchScreen.storyboard;
			sourceTree = "<group>";
		};
/* End PBXVariantGroup section */

/* Begin XCBuildConfiguration section */
		45DFDAC0249AF22F0062FDDC /* Debug */ = {
			isa = XCBuildConfiguration;
			buildSettings = {
				ALWAYS_SEARCH_USER_PATHS = NO;
				CLANG_ANALYZER_NONNULL = YES;
				CLANG_ANALYZER_NUMBER_OBJECT_CONVERSION = YES_AGGRESSIVE;
				CLANG_CXX_LANGUAGE_STANDARD = "gnu++14";
				CLANG_CXX_LIBRARY = "libc++";
				CLANG_ENABLE_MODULES = YES;
				CLANG_ENABLE_OBJC_ARC = YES;
				CLANG_ENABLE_OBJC_WEAK = YES;
				CLANG_WARN_BLOCK_CAPTURE_AUTORELEASING = YES;
				CLANG_WARN_BOOL_CONVERSION = YES;
				CLANG_WARN_COMMA = YES;
				CLANG_WARN_CONSTANT_CONVERSION = YES;
				CLANG_WARN_DEPRECATED_OBJC_IMPLEMENTATIONS = YES;
				CLANG_WARN_DIRECT_OBJC_ISA_USAGE = YES_ERROR;
				CLANG_WARN_DOCUMENTATION_COMMENTS = YES;
				CLANG_WARN_EMPTY_BODY = YES;
				CLANG_WARN_ENUM_CONVERSION = YES;
				CLANG_WARN_INFINITE_RECURSION = YES;
				CLANG_WARN_INT_CONVERSION = YES;
				CLANG_WARN_NON_LITERAL_NULL_CONVERSION = YES;
				CLANG_WARN_OBJC_IMPLICIT_RETAIN_SELF = YES;
				CLANG_WARN_OBJC_LITERAL_CONVERSION = YES;
				CLANG_WARN_OBJC_ROOT_CLASS = YES_ERROR;
				CLANG_WARN_RANGE_LOOP_ANALYSIS = YES;
				CLANG_WARN_STRICT_PROTOTYPES = YES;
				CLANG_WARN_SUSPICIOUS_MOVE = YES;
				CLANG_WARN_UNGUARDED_AVAILABILITY = YES_AGGRESSIVE;
				CLANG_WARN_UNREACHABLE_CODE = YES;
				CLANG_WARN__DUPLICATE_METHOD_MATCH = YES;
				COPY_PHASE_STRIP = NO;
				DEBUG_INFORMATION_FORMAT = dwarf;
				ENABLE_STRICT_OBJC_MSGSEND = YES;
				ENABLE_TESTABILITY = YES;
				GCC_C_LANGUAGE_STANDARD = gnu11;
				GCC_DYNAMIC_NO_PIC = NO;
				GCC_NO_COMMON_BLOCKS = YES;
				GCC_OPTIMIZATION_LEVEL = 0;
				GCC_PREPROCESSOR_DEFINITIONS = (
					"DEBUG=1",
					"$(inherited)",
				);
				GCC_WARN_64_TO_32_BIT_CONVERSION = YES;
				GCC_WARN_ABOUT_RETURN_TYPE = YES_ERROR;
				GCC_WARN_UNDECLARED_SELECTOR = YES;
				GCC_WARN_UNINITIALIZED_AUTOS = YES_AGGRESSIVE;
				GCC_WARN_UNUSED_FUNCTION = YES;
				GCC_WARN_UNUSED_VARIABLE = YES;
				IPHONEOS_DEPLOYMENT_TARGET = 13.5;
				MTL_ENABLE_DEBUG_INFO = INCLUDE_SOURCE;
				MTL_FAST_MATH = YES;
				ONLY_ACTIVE_ARCH = YES;
				SDKROOT = iphoneos;
				SWIFT_ACTIVE_COMPILATION_CONDITIONS = DEBUG;
				SWIFT_OPTIMIZATION_LEVEL = "-Onone";
			};
			name = Debug;
		};
		45DFDAC1249AF22F0062FDDC /* Release */ = {
			isa = XCBuildConfiguration;
			buildSettings = {
				ALWAYS_SEARCH_USER_PATHS = NO;
				CLANG_ANALYZER_NONNULL = YES;
				CLANG_ANALYZER_NUMBER_OBJECT_CONVERSION = YES_AGGRESSIVE;
				CLANG_CXX_LANGUAGE_STANDARD = "gnu++14";
				CLANG_CXX_LIBRARY = "libc++";
				CLANG_ENABLE_MODULES = YES;
				CLANG_ENABLE_OBJC_ARC = YES;
				CLANG_ENABLE_OBJC_WEAK = YES;
				CLANG_WARN_BLOCK_CAPTURE_AUTORELEASING = YES;
				CLANG_WARN_BOOL_CONVERSION = YES;
				CLANG_WARN_COMMA = YES;
				CLANG_WARN_CONSTANT_CONVERSION = YES;
				CLANG_WARN_DEPRECATED_OBJC_IMPLEMENTATIONS = YES;
				CLANG_WARN_DIRECT_OBJC_ISA_USAGE = YES_ERROR;
				CLANG_WARN_DOCUMENTATION_COMMENTS = YES;
				CLANG_WARN_EMPTY_BODY = YES;
				CLANG_WARN_ENUM_CONVERSION = YES;
				CLANG_WARN_INFINITE_RECURSION = YES;
				CLANG_WARN_INT_CONVERSION = YES;
				CLANG_WARN_NON_LITERAL_NULL_CONVERSION = YES;
				CLANG_WARN_OBJC_IMPLICIT_RETAIN_SELF = YES;
				CLANG_WARN_OBJC_LITERAL_CONVERSION = YES;
				CLANG_WARN_OBJC_ROOT_CLASS = YES_ERROR;
				CLANG_WARN_RANGE_LOOP_ANALYSIS = YES;
				CLANG_WARN_STRICT_PROTOTYPES = YES;
				CLANG_WARN_SUSPICIOUS_MOVE = YES;
				CLANG_WARN_UNGUARDED_AVAILABILITY = YES_AGGRESSIVE;
				CLANG_WARN_UNREACHABLE_CODE = YES;
				CLANG_WARN__DUPLICATE_METHOD_MATCH = YES;
				COPY_PHASE_STRIP = NO;
				DEBUG_INFORMATION_FORMAT = "dwarf-with-dsym";
				ENABLE_NS_ASSERTIONS = NO;
				ENABLE_STRICT_OBJC_MSGSEND = YES;
				GCC_C_LANGUAGE_STANDARD = gnu11;
				GCC_NO_COMMON_BLOCKS = YES;
				GCC_WARN_64_TO_32_BIT_CONVERSION = YES;
				GCC_WARN_ABOUT_RETURN_TYPE = YES_ERROR;
				GCC_WARN_UNDECLARED_SELECTOR = YES;
				GCC_WARN_UNINITIALIZED_AUTOS = YES_AGGRESSIVE;
				GCC_WARN_UNUSED_FUNCTION = YES;
				GCC_WARN_UNUSED_VARIABLE = YES;
				IPHONEOS_DEPLOYMENT_TARGET = 13.5;
				MTL_ENABLE_DEBUG_INFO = NO;
				MTL_FAST_MATH = YES;
				SDKROOT = iphoneos;
				SWIFT_COMPILATION_MODE = wholemodule;
				SWIFT_OPTIMIZATION_LEVEL = "-O";
				VALIDATE_PRODUCT = YES;
			};
			name = Release;
		};
		45DFDAC3249AF22F0062FDDC /* Debug */ = {
			isa = XCBuildConfiguration;
			buildSettings = {
				ASSETCATALOG_COMPILER_APPICON_NAME = AppIcon;
				CODE_SIGN_STYLE = Automatic;
				INFOPLIST_FILE = newproject/Info.plist;
				LD_RUNPATH_SEARCH_PATHS = (
					"$(inherited)",
					"@executable_path/Frameworks",
				);
				PRODUCT_BUNDLE_IDENTIFIER = br.com.eldorado.newproject;
				PRODUCT_NAME = "$(TARGET_NAME)";
				SWIFT_VERSION = 5.0;
				TARGETED_DEVICE_FAMILY = "1,2";
			};
			name = Debug;
		};
		45DFDAC4249AF22F0062FDDC /* Release */ = {
			isa = XCBuildConfiguration;
			buildSettings = {
				ASSETCATALOG_COMPILER_APPICON_NAME = AppIcon;
				CODE_SIGN_STYLE = Automatic;
				INFOPLIST_FILE = newproject/Info.plist;
				LD_RUNPATH_SEARCH_PATHS = (
					"$(inherited)",
					"@executable_path/Frameworks",
				);
				PRODUCT_BUNDLE_IDENTIFIER = br.com.eldorado.newproject;
				PRODUCT_NAME = "$(TARGET_NAME)";
				SWIFT_VERSION = 5.0;
				TARGETED_DEVICE_FAMILY = "1,2";
			};
			name = Release;
		};
/* End XCBuildConfiguration section */

/* Begin XCConfigurationList section */
		45DFDAA9249AF22E0062FDDC /* Build configuration list for PBXProject "newproject" */ = {
			isa = XCConfigurationList;
			buildConfigurations = (
				45DFDAC0249AF22F0062FDDC /* Debug */,
				45DFDAC1249AF22F0062FDDC /* Release */,
			);
			defaultConfigurationIsVisible = 0;
			defaultConfigurationName = Release;
		};
		45DFDAC2249AF22F0062FDDC /* Build configuration list for PBXNativeTarget "newproject" */ = {
			isa = XCConfigurationList;
			buildConfigurations = (
				45DFDAC3249AF22F0062FDDC /* Debug */,
				45DFDAC4249AF22F0062FDDC /* Release */,
			);
			defaultConfigurationIsVisible = 0;
			defaultConfigurationName = Release;
		};
/* End XCConfigurationList section */
	};
	rootObject = 45DFDAA6249AF22E0062FDDC /* Project object */;
}
